
Microsoft Visual Studio Solution File, Format Version 12.00
# Visual Studio Version 17
VisualStudioVersion = 17.9.34902.65
MinimumVisualStudioVersion = 10.0.40219.1
Project("{FAE04EC0-301F-11D3-BF4B-00C04F79EFBC}") = "ApiApplication", "BackEndWebApi\ApiApplication.csproj", "{37B6AA4E-015D-4580-ACB1-A2D8F7C886BC}"
EndProject
Global
	GlobalSection(SolutionConfigurationPlatforms) = preSolution
		Debug|Any CPU = Debug|Any CPU
		Release|Any CPU = Release|Any CPU
	EndGlobalSection
	GlobalSection(ProjectConfigurationPlatforms) = postSolution
		{37B6AA4E-015D-4580-ACB1-A2D8F7C886BC}.Debug|Any CPU.ActiveCfg = Debug|Any CPU
		{37B6AA4E-015D-4580-ACB1-A2D8F7C886BC}.Debug|Any CPU.Build.0 = Debug|Any CPU
		{37B6AA4E-015D-4580-ACB1-A2D8F7C886BC}.Release|Any CPU.ActiveCfg = Release|Any CPU
		{37B6AA4E-015D-4580-ACB1-A2D8F7C886BC}.Release|Any CPU.Build.0 = Release|Any CPU
	EndGlobalSection
	GlobalSection(SolutionProperties) = preSolution
		HideSolutionNode = FALSE
	EndGlobalSection
	GlobalSection(ExtensibilityGlobals) = postSolution
		SolutionGuid = {AFBD3DEF-3207-4853-BEC8-CE6227F59C86}
	EndGlobalSection
EndGlobal
